<?xml version="1.0" encoding="utf-8"?>
<Project ToolsVersion="4.0" xmlns="http://schemas.microsoft.com/developer/msbuild/2003">
  <ItemGroup>
    <ClCompile Include="..\lib\algo\async_schedule.cpp">
      <Filter>Source Files\algo</Filter>
    </ClCompile>
    <ClCompile Include="..\lib\mng\block_manager.cpp">
      <Filter>Source Files\mng</Filter>
    </ClCompile>
    <ClCompile Include="..\lib\io\boostfd_file.cpp">
      <Filter>Source Files\io</Filter>
    </ClCompile>
    <ClCompile Include="..\lib\common\cmdline.cpp">
      <Filter>Source Files\common</Filter>
    </ClCompile>
    <ClCompile Include="..\lib\mng\config.cpp">
      <Filter>Source Files\mng</Filter>
    </ClCompile>
    <ClCompile Include="..\lib\io\create_file.cpp">
      <Filter>Source Files\io</Filter>
    </ClCompile>
    <ClCompile Include="..\lib\mng\disk_allocator.cpp">
      <Filter>Source Files\mng</Filter>
    </ClCompile>
    <ClCompile Include="..\lib\io\disk_queued_file.cpp">
      <Filter>Source Files\io</Filter>
    </ClCompile>
    <ClCompile Include="..\lib\io\file.cpp">
      <Filter>Source Files\io</Filter>
    </ClCompile>
    <ClCompile Include="..\lib\common\exithandler.cpp">
      <Filter>Source Files\common</Filter>
    </ClCompile>
    <ClCompile Include="..\lib\io\fileperblock_file.cpp">
      <Filter>Source Files\io</Filter>
    </ClCompile>
    <ClCompile Include="..\lib\io\iostats.cpp">
      <Filter>Source Files\io</Filter>
    </ClCompile>
    <ClCompile Include="..\lib\common\log.cpp">
      <Filter>Source Files\common</Filter>
    </ClCompile>
    <ClCompile Include="..\lib\io\mem_file.cpp">
      <Filter>Source Files\io</Filter>
    </ClCompile>
    <ClCompile Include="..\lib\common\rand.cpp">
      <Filter>Source Files\common</Filter>
    </ClCompile>
    <ClCompile Include="..\lib\io\request.cpp">
      <Filter>Source Files\io</Filter>
    </ClCompile>
    <ClCompile Include="..\lib\io\request_queue_impl_worker.cpp">
      <Filter>Source Files\io</Filter>
    </ClCompile>
    <ClCompile Include="..\lib\io\request_queue_impl_1q.cpp">
      <Filter>Source Files\io</Filter>
    </ClCompile>
    <ClCompile Include="..\lib\io\request_queue_impl_qwqr.cpp">
      <Filter>Source Files\io</Filter>
    </ClCompile>
    <ClCompile Include="..\lib\io\request_with_waiters.cpp">
      <Filter>Source Files\io</Filter>
    </ClCompile>
    <ClCompile Include="..\lib\io\request_with_state.cpp">
      <Filter>Source Files\io</Filter>
    </ClCompile>
    <ClCompile Include="..\lib\common\seed.cpp">
      <Filter>Source Files\common</Filter>
    </ClCompile>
    <ClCompile Include="..\lib\io\serving_request.cpp">
      <Filter>Source Files\io</Filter>
    </ClCompile>
    <ClCompile Include="..\lib\io\syscall_file.cpp">
      <Filter>Source Files\io</Filter>
    </ClCompile>
    <ClCompile Include="..\lib\io\ufs_file_base.cpp">
      <Filter>Source Files\io</Filter>
    </ClCompile>
    <ClCompile Include="..\lib\common\utils.cpp">
      <Filter>Source Files\common</Filter>
    </ClCompile>
    <ClCompile Include="..\lib\common\verbose.cpp">
      <Filter>Source Files\common</Filter>
    </ClCompile>
    <ClCompile Include="..\lib\common\version.cpp">
      <Filter>Source Files\common</Filter>
    </ClCompile>
    <ClCompile Include="..\lib\io\wbtl_file.cpp">
      <Filter>Source Files\io</Filter>
    </ClCompile>
    <ClCompile Include="..\lib\io\wfs_file_base.cpp">
      <Filter>Source Files\io</Filter>
    </ClCompile>
    <ClCompile Include="..\lib\io\wincall_file.cpp">
      <Filter>Source Files\io</Filter>
    </ClCompile>
  </ItemGroup>
  <ItemGroup>
    <Filter Include="Source Files">
      <UniqueIdentifier>{3ECFB15A-EC1E-44A2-9D4F-C9A36991816B}</UniqueIdentifier>
    </Filter>
    <Filter Include="Source Files\algo">
      <UniqueIdentifier>{345da902-ef54-414a-bb57-9db88f18ad52}</UniqueIdentifier>
    </Filter>
    <Filter Include="Source Files\mng">
      <UniqueIdentifier>{ef269109-bb72-4b5d-862e-e86dc7730c53}</UniqueIdentifier>
    </Filter>
    <Filter Include="Source Files\io">
      <UniqueIdentifier>{e8dd4a9e-6b96-4f7b-a999-ab974133a489}</UniqueIdentifier>
    </Filter>
    <Filter Include="Source Files\common">
      <UniqueIdentifier>{3e892adb-db40-4308-80d3-c6077e418b3d}</UniqueIdentifier>
    </Filter>
  </ItemGroup>
</Project>