<?xml version="1.0" encoding="utf-8"?>
<Project ToolsVersion="4.0" xmlns="http://schemas.microsoft.com/developer/msbuild/2003">
  <ItemGroup>
    <Filter Include="Source Files">
      <UniqueIdentifier>{4FC737F1-C7A5-4376-A066-2A32D752A2FF}</UniqueIdentifier>
      <Extensions>cpp;c;cc;cxx;def;odl;idl;hpj;bat;asm;asmx</Extensions>
    </Filter>
    <Filter Include="Source Files\DataStructures">
      <UniqueIdentifier>{41de980b-42ee-438e-b617-9b3b9757317f}</UniqueIdentifier>
    </Filter>
    <Filter Include="Source Files\DataStructures\pbf-proto">
      <UniqueIdentifier>{94e518cc-fe3d-4f05-a8ee-ae0ae1bfa727}</UniqueIdentifier>
    </Filter>
    <Filter Include="Header Files">
      <UniqueIdentifier>{93995380-89BD-4b04-88EB-625FBE52EBFB}</UniqueIdentifier>
      <Extensions>h;hpp;hxx;hm;inl;inc;xsd</Extensions>
    </Filter>
    <Filter Include="Header Files\Contractor">
      <UniqueIdentifier>{9a7944e3-f166-4d57-baa7-a66a512794e3}</UniqueIdentifier>
    </Filter>
    <Filter Include="Header Files\DataStructures">
      <UniqueIdentifier>{7e5c42ed-0328-454a-bfd0-5a9e00e2291d}</UniqueIdentifier>
    </Filter>
    <Filter Include="Header Files\DataStructures\pbf-proto">
      <UniqueIdentifier>{b89e7c7e-fd48-454c-b93c-8a9c86a598c5}</UniqueIdentifier>
    </Filter>
    <Filter Include="Header Files\Plugins">
      <UniqueIdentifier>{f7390ced-8044-4974-9756-74ebc6e8bf8d}</UniqueIdentifier>
    </Filter>
    <Filter Include="Header Files\Server">
      <UniqueIdentifier>{37ffd4c5-7f70-490f-9ba9-01b8612da5e8}</UniqueIdentifier>
    </Filter>
    <Filter Include="Header Files\Util">
      <UniqueIdentifier>{27d7a9aa-f275-4dd1-8957-23282f137ea6}</UniqueIdentifier>
    </Filter>
    <Filter Include="Resource Files">
      <UniqueIdentifier>{67DA6AB6-F800-4c08-8B7A-83BB121AAD01}</UniqueIdentifier>
      <Extensions>rc;ico;cur;bmp;dlg;rc2;rct;bin;rgs;gif;jpg;jpeg;jpe;resx;tiff;tif;png;wav</Extensions>
    </Filter>
  </ItemGroup>
  <ItemGroup>
    <ClCompile Include="..\extractor.cpp">
      <Filter>Source Files</Filter>
    </ClCompile>
    <ClCompile Include="..\DataStructures\pbf-proto\fileformat.pb.cc">
      <Filter>Source Files\DataStructures\pbf-proto</Filter>
    </ClCompile>
    <ClCompile Include="..\DataStructures\pbf-proto\osmformat.pb.cc">
      <Filter>Source Files\DataStructures\pbf-proto</Filter>
    </ClCompile>
  </ItemGroup>
  <ItemGroup>
    <ClInclude Include="..\typedefs.h">
      <Filter>Header Files</Filter>
    </ClInclude>
    <ClInclude Include="unistd.h">
      <Filter>Header Files</Filter>
    </ClInclude>
    <ClInclude Include="..\Contractor\ContractionCleanup.h">
      <Filter>Header Files\Contractor</Filter>
    </ClInclude>
    <ClInclude Include="..\Contractor\Contractor.h">
      <Filter>Header Files\Contractor</Filter>
    </ClInclude>
    <ClInclude Include="..\DataStructures\BaseParser.h">
      <Filter>Header Files\DataStructures</Filter>
    </ClInclude>
    <ClInclude Include="..\DataStructures\BinaryHeap.h">
      <Filter>Header Files\DataStructures</Filter>
    </ClInclude>
    <ClInclude Include="..\DataStructures\ConcurrentQueue.h">
      <Filter>Header Files\DataStructures</Filter>
    </ClInclude>
    <ClInclude Include="..\DataStructures\DynamicGraph.h">
      <Filter>Header Files\DataStructures</Filter>
    </ClInclude>
    <ClInclude Include="..\DataStructures\ExtractorCallBacks.h">
      <Filter>Header Files\DataStructures</Filter>
    </ClInclude>
    <ClInclude Include="..\DataStructures\ExtractorStructs.h">
      <Filter>Header Files\DataStructures</Filter>
    </ClInclude>
    <ClInclude Include="..\DataStructures\GridEdge.h">
      <Filter>Header Files\DataStructures</Filter>
    </ClInclude>
    <ClInclude Include="..\DataStructures\HashTable.h">
      <Filter>Header Files\DataStructures</Filter>
    </ClInclude>
    <ClInclude Include="..\DataStructures\ImportEdge.h">
      <Filter>Header Files\DataStructures</Filter>
    </ClInclude>
    <ClInclude Include="..\DataStructures\InputReaderFactory.h">
      <Filter>Header Files\DataStructures</Filter>
    </ClInclude>
    <ClInclude Include="..\DataStructures\LevelInformation.h">
      <Filter>Header Files\DataStructures</Filter>
    </ClInclude>
    <ClInclude Include="..\DataStructures\LRUCache.h">
      <Filter>Header Files\DataStructures</Filter>
    </ClInclude>
    <ClInclude Include="..\DataStructures\NNGrid.h">
      <Filter>Header Files\DataStructures</Filter>
    </ClInclude>
    <ClInclude Include="..\DataStructures\NodeCoords.h">
      <Filter>Header Files\DataStructures</Filter>
    </ClInclude>
    <ClInclude Include="..\DataStructures\NodeInformationHelpDesk.h">
      <Filter>Header Files\DataStructures</Filter>
    </ClInclude>
    <ClInclude Include="..\DataStructures\PBFParser.h">
      <Filter>Header Files\DataStructures</Filter>
    </ClInclude>
    <ClInclude Include="..\DataStructures\Percent.h">
      <Filter>Header Files\DataStructures</Filter>
    </ClInclude>
    <ClInclude Include="..\DataStructures\PhantomNodes.h">
      <Filter>Header Files\DataStructures</Filter>
    </ClInclude>
    <ClInclude Include="..\DataStructures\PolylineCompressor.h">
      <Filter>Header Files\DataStructures</Filter>
    </ClInclude>
    <ClInclude Include="..\DataStructures\SearchEngine.h">
      <Filter>Header Files\DataStructures</Filter>
    </ClInclude>
    <ClInclude Include="..\DataStructures\StaticGraph.h">
      <Filter>Header Files\DataStructures</Filter>
    </ClInclude>
    <ClInclude Include="..\DataStructures\StaticKDTree.h">
      <Filter>Header Files\DataStructures</Filter>
    </ClInclude>
    <ClInclude Include="..\DataStructures\Util.h">
      <Filter>Header Files\DataStructures</Filter>
    </ClInclude>
    <ClInclude Include="..\DataStructures\XMLParser.h">
      <Filter>Header Files\DataStructures</Filter>
    </ClInclude>
    <ClInclude Include="..\DataStructures\pbf-proto\fileformat.pb.h">
      <Filter>Header Files\DataStructures\pbf-proto</Filter>
    </ClInclude>
    <ClInclude Include="..\DataStructures\pbf-proto\osmformat.pb.h">
      <Filter>Header Files\DataStructures\pbf-proto</Filter>
    </ClInclude>
    <ClInclude Include="..\Plugins\BaseDescriptor.h">
      <Filter>Header Files\Plugins</Filter>
    </ClInclude>
    <ClInclude Include="..\Plugins\BasePlugin.h">
      <Filter>Header Files\Plugins</Filter>
    </ClInclude>
    <ClInclude Include="..\Plugins\GPXDescriptor.h">
      <Filter>Header Files\Plugins</Filter>
    </ClInclude>
    <ClInclude Include="..\Plugins\HelloWorldPlugin.h">
      <Filter>Header Files\Plugins</Filter>
    </ClInclude>
    <ClInclude Include="..\Plugins\JSONDescriptor.h">
      <Filter>Header Files\Plugins</Filter>
    </ClInclude>
    <ClInclude Include="..\Plugins\KMLDescriptor.h">
      <Filter>Header Files\Plugins</Filter>
    </ClInclude>
    <ClInclude Include="..\Plugins\LocatePlugin.h">
      <Filter>Header Files\Plugins</Filter>
    </ClInclude>
    <ClInclude Include="..\Plugins\NearestPlugin.h">
      <Filter>Header Files\Plugins</Filter>
    </ClInclude>
    <ClInclude Include="..\Plugins\ObjectForPluginStruct.h">
      <Filter>Header Files\Plugins</Filter>
    </ClInclude>
    <ClInclude Include="..\Plugins\PluginMapFactory.h">
      <Filter>Header Files\Plugins</Filter>
    </ClInclude>
    <ClInclude Include="..\Plugins\RawRouteData.h">
      <Filter>Header Files\Plugins</Filter>
    </ClInclude>
    <ClInclude Include="..\Plugins\RouteParameters.h">
      <Filter>Header Files\Plugins</Filter>
    </ClInclude>
    <ClInclude Include="..\Plugins\RoutePlugin.h">
      <Filter>Header Files\Plugins</Filter>
    </ClInclude>
    <ClInclude Include="..\Plugins\ViaRoutePlugin.h">
      <Filter>Header Files\Plugins</Filter>
    </ClInclude>
    <ClInclude Include="..\Server\BasicDatastructures.h">
      <Filter>Header Files\Server</Filter>
    </ClInclude>
    <ClInclude Include="..\Server\Connection.h">
      <Filter>Header Files\Server</Filter>
    </ClInclude>
    <ClInclude Include="..\Server\RequestHandler.h">
      <Filter>Header Files\Server</Filter>
    </ClInclude>
    <ClInclude Include="..\Server\RequestParser.h">
      <Filter>Header Files\Server</Filter>
    </ClInclude>
    <ClInclude Include="..\Server\Server.h">
      <Filter>Header Files\Server</Filter>
    </ClInclude>
    <ClInclude Include="..\Server\ServerConfiguration.h">
      <Filter>Header Files\Server</Filter>
    </ClInclude>
    <ClInclude Include="..\Server\ServerFactory.h">
      <Filter>Header Files\Server</Filter>
    </ClInclude>
    <ClInclude Include="..\Util\GraphLoader.h">
      <Filter>Header Files\Util</Filter>
    </ClInclude>
    <ClInclude Include="..\Util\InputFileUtil.h">
      <Filter>Header Files\Util</Filter>
    </ClInclude>
    <ClInclude Include="..\Util\LinuxStackTrace.h">
      <Filter>Header Files\Util</Filter>
    </ClInclude>
    <ClInclude Include="..\Util\MachineInfo.h">
      <Filter>Header Files\Util</Filter>
    </ClInclude>
    <ClInclude Include="..\Util\StringUtil.h">
      <Filter>Header Files\Util</Filter>
    </ClInclude>
    <ClInclude Include="..\win\unistd.h">
      <Filter>Header Files</Filter>
    </ClInclude>
  </ItemGroup>
  <ItemGroup>
    <CustomBuild Include="..\DataStructures\pbf-proto\fileformat.proto" />
    <CustomBuild Include="..\DataStructures\pbf-proto\osmformat.proto" />
  </ItemGroup>
</Project>