<?xml version="1.0" encoding="utf-8"?>
<Project ToolsVersion="4.0" xmlns="http://schemas.microsoft.com/developer/msbuild/2003">
  <ItemGroup>
    <Filter Include="Source Files">
      <UniqueIdentifier>{4FC737F1-C7A5-4376-A066-2A32D752A2FF}</UniqueIdentifier>
      <Extensions>cpp;c;cc;cxx;def;odl;idl;hpj;bat;asm;asmx</Extensions>
    </Filter>
    <Filter Include="Source Files\Server">
      <UniqueIdentifier>{a5e8d6af-a22b-414b-b4cb-be25a26f3e6b}</UniqueIdentifier>
    </Filter>
    <Filter Include="Source Files\Library">
      <UniqueIdentifier>{e5711dc3-ee32-4214-9284-1b3380abbd28}</UniqueIdentifier>
    </Filter>
    <Filter Include="Source Files\DataStructures">
      <UniqueIdentifier>{0da304c3-b98c-463c-bdb0-a6545b838390}</UniqueIdentifier>
    </Filter>
    <Filter Include="Source Files\Server\Http">
      <UniqueIdentifier>{d74bda6c-40d2-4b07-9ffe-1a54b99da83f}</UniqueIdentifier>
    </Filter>
    <Filter Include="Source Files\Descriptors">
      <UniqueIdentifier>{cbb8cdcf-9dcc-4c33-adfa-a2e771daf20d}</UniqueIdentifier>
    </Filter>
    <Filter Include="Source Files\Algorithms">
      <UniqueIdentifier>{f978cc03-1777-438a-b155-004fa05e546c}</UniqueIdentifier>
    </Filter>
    <Filter Include="Source Files\Util">
      <UniqueIdentifier>{27426cd8-9f42-46da-957d-3fab5f7cf1f3}</UniqueIdentifier>
    </Filter>
    <Filter Include="Source Files\Extractor">
      <UniqueIdentifier>{952a0fa8-bc1d-4cb4-8a95-7ffa8a812c73}</UniqueIdentifier>
    </Filter>
  </ItemGroup>
  <ItemGroup>
    <ClCompile Include="..\Library\OSRM.cpp">
      <Filter>Source Files\Library</Filter>
    </ClCompile>
    <ClCompile Include="..\DataStructures\SearchEngineData.cpp">
      <Filter>Source Files\DataStructures</Filter>
    </ClCompile>
    <ClCompile Include="..\Server\Http\Reply.cpp">
      <Filter>Source Files\Server\Http</Filter>
    </ClCompile>
    <ClCompile Include="..\Descriptors\DescriptionFactory.cpp">
      <Filter>Source Files\Descriptors</Filter>
    </ClCompile>
    <ClCompile Include="..\Algorithms\PolylineCompressor.cpp">
      <Filter>Source Files\Algorithms</Filter>
    </ClCompile>
    <ClCompile Include="..\Algorithms\DouglasePeucker.cpp">
      <Filter>Source Files\Algorithms</Filter>
    </ClCompile>
    <ClCompile Include="..\Server\RequestParser.cpp">
      <Filter>Source Files\Server</Filter>
    </ClCompile>
    <ClCompile Include="..\Util\GitDescription.cpp">
      <Filter>Source Files\Util</Filter>
    </ClCompile>
    <ClCompile Include="..\Util\UUID.cpp">
      <Filter>Source Files\Util</Filter>
    </ClCompile>
    <ClCompile Include="..\Extractor\ExtractorCallbacks.cpp">
      <Filter>Source Files\Extractor</Filter>
    </ClCompile>
    <ClCompile Include="..\Extractor\PBFParser.cpp">
      <Filter>Source Files\Extractor</Filter>
    </ClCompile>
    <ClCompile Include="..\Extractor\ScriptingEnvironment.cpp">
      <Filter>Source Files\Extractor</Filter>
    </ClCompile>
    <ClCompile Include="..\Extractor\XMLParser.cpp">
      <Filter>Source Files\Extractor</Filter>
    </ClCompile>
    <ClCompile Include="..\Extractor\BaseParser.cpp">
      <Filter>Source Files\Extractor</Filter>
    </ClCompile>
    <ClCompile Include="..\Extractor\ExtractionContainers.cpp">
      <Filter>Source Files\Extractor</Filter>
    </ClCompile>
  </ItemGroup>
  <ItemGroup>
    <ClInclude Include="..\DataStructures\BinaryHeap.h">
      <Filter>Source Files\DataStructures</Filter>
    </ClInclude>
    <ClInclude Include="..\DataStructures\DynamicGraph.h">
      <Filter>Source Files\DataStructures</Filter>
    </ClInclude>
    <ClInclude Include="..\DataStructures\HashTable.h">
      <Filter>Source Files\DataStructures</Filter>
    </ClInclude>
    <ClInclude Include="..\DataStructures\ImportEdge.h">
      <Filter>Source Files\DataStructures</Filter>
    </ClInclude>
    <ClInclude Include="..\DataStructures\InputReaderFactory.h">
      <Filter>Source Files\DataStructures</Filter>
    </ClInclude>
    <ClInclude Include="..\DataStructures\LRUCache.h">
      <Filter>Source Files\DataStructures</Filter>
    </ClInclude>
    <ClInclude Include="..\DataStructures\Percent.h">
      <Filter>Source Files\DataStructures</Filter>
    </ClInclude>
    <ClInclude Include="..\DataStructures\PhantomNodes.h">
      <Filter>Source Files\DataStructures</Filter>
    </ClInclude>
    <ClInclude Include="..\DataStructures\SearchEngine.h">
      <Filter>Source Files\DataStructures</Filter>
    </ClInclude>
    <ClInclude Include="..\DataStructures\StaticGraph.h">
      <Filter>Source Files\DataStructures</Filter>
    </ClInclude>
    <ClInclude Include="..\DataStructures\StaticKDTree.h">
      <Filter>Source Files\DataStructures</Filter>
    </ClInclude>
    <ClInclude Include="..\Library\OSRM.h">
      <Filter>Source Files\Library</Filter>
    </ClInclude>
  </ItemGroup>
</Project>