<?xml version="1.0" encoding="utf-8"?>
<Project ToolsVersion="4.0" xmlns="http://schemas.microsoft.com/developer/msbuild/2003">
  <ItemGroup>
    <Filter Include="Source Files">
      <UniqueIdentifier>{4FC737F1-C7A5-4376-A066-2A32D752A2FF}</UniqueIdentifier>
      <Extensions>cpp;c;cc;cxx;def;odl;idl;hpj;bat;asm;asmx</Extensions>
    </Filter>
    <Filter Include="Header Files">
      <UniqueIdentifier>{93995380-89BD-4b04-88EB-625FBE52EBFB}</UniqueIdentifier>
      <Extensions>h;hpp;hxx;hm;inl;inc;xsd</Extensions>
    </Filter>
    <Filter Include="Header Files\Contractor">
      <UniqueIdentifier>{afc89735-652f-467f-bc3e-8e7289a5f46f}</UniqueIdentifier>
    </Filter>
    <Filter Include="Header Files\DataStructures">
      <UniqueIdentifier>{0da304c3-b98c-463c-bdb0-a6545b838390}</UniqueIdentifier>
    </Filter>
    <Filter Include="Header Files\Plugins">
      <UniqueIdentifier>{43d7fe04-b24b-49de-be94-dd0c1daecc88}</UniqueIdentifier>
    </Filter>
    <Filter Include="Header Files\Server">
      <UniqueIdentifier>{a5e8d6af-a22b-414b-b4cb-be25a26f3e6b}</UniqueIdentifier>
    </Filter>
    <Filter Include="Header Files\Util">
      <UniqueIdentifier>{27426cd8-9f42-46da-957d-3fab5f7cf1f3}</UniqueIdentifier>
    </Filter>
    <Filter Include="Resource Files">
      <UniqueIdentifier>{67DA6AB6-F800-4c08-8B7A-83BB121AAD01}</UniqueIdentifier>
      <Extensions>rc;ico;cur;bmp;dlg;rc2;rct;bin;rgs;gif;jpg;jpeg;jpe;resx;tiff;tif;png;wav</Extensions>
    </Filter>
  </ItemGroup>
  <ItemGroup>
    <ClCompile Include="..\routed.cpp">
      <Filter>Source Files</Filter>
    </ClCompile>
  </ItemGroup>
  <ItemGroup>
    <ClInclude Include="getopt.h">
      <Filter>Header Files</Filter>
    </ClInclude>
    <ClInclude Include="..\typedefs.h">
      <Filter>Header Files</Filter>
    </ClInclude>
    <ClInclude Include="unistd.h">
      <Filter>Header Files</Filter>
    </ClInclude>
    <ClInclude Include="..\Contractor\ContractionCleanup.h">
      <Filter>Header Files\Contractor</Filter>
    </ClInclude>
    <ClInclude Include="..\Contractor\Contractor.h">
      <Filter>Header Files\Contractor</Filter>
    </ClInclude>
    <ClInclude Include="..\DataStructures\BaseParser.h">
      <Filter>Header Files\DataStructures</Filter>
    </ClInclude>
    <ClInclude Include="..\DataStructures\BinaryHeap.h">
      <Filter>Header Files\DataStructures</Filter>
    </ClInclude>
    <ClInclude Include="..\DataStructures\DynamicGraph.h">
      <Filter>Header Files\DataStructures</Filter>
    </ClInclude>
    <ClInclude Include="..\DataStructures\ExtractorCallBacks.h">
      <Filter>Header Files\DataStructures</Filter>
    </ClInclude>
    <ClInclude Include="..\DataStructures\ExtractorStructs.h">
      <Filter>Header Files\DataStructures</Filter>
    </ClInclude>
    <ClInclude Include="..\DataStructures\GridEdge.h">
      <Filter>Header Files\DataStructures</Filter>
    </ClInclude>
    <ClInclude Include="..\DataStructures\HashTable.h">
      <Filter>Header Files\DataStructures</Filter>
    </ClInclude>
    <ClInclude Include="..\DataStructures\ImportEdge.h">
      <Filter>Header Files\DataStructures</Filter>
    </ClInclude>
    <ClInclude Include="..\DataStructures\InputReaderFactory.h">
      <Filter>Header Files\DataStructures</Filter>
    </ClInclude>
    <ClInclude Include="..\DataStructures\LevelInformation.h">
      <Filter>Header Files\DataStructures</Filter>
    </ClInclude>
    <ClInclude Include="..\DataStructures\LRUCache.h">
      <Filter>Header Files\DataStructures</Filter>
    </ClInclude>
    <ClInclude Include="..\DataStructures\NNGrid.h">
      <Filter>Header Files\DataStructures</Filter>
    </ClInclude>
    <ClInclude Include="..\DataStructures\NodeCoords.h">
      <Filter>Header Files\DataStructures</Filter>
    </ClInclude>
    <ClInclude Include="..\DataStructures\NodeInformationHelpDesk.h">
      <Filter>Header Files\DataStructures</Filter>
    </ClInclude>
    <ClInclude Include="..\DataStructures\PBFParser.h">
      <Filter>Header Files\DataStructures</Filter>
    </ClInclude>
    <ClInclude Include="..\DataStructures\Percent.h">
      <Filter>Header Files\DataStructures</Filter>
    </ClInclude>
    <ClInclude Include="..\DataStructures\PhantomNodes.h">
      <Filter>Header Files\DataStructures</Filter>
    </ClInclude>
    <ClInclude Include="..\DataStructures\PolylineCompressor.h">
      <Filter>Header Files\DataStructures</Filter>
    </ClInclude>
    <ClInclude Include="..\DataStructures\SearchEngine.h">
      <Filter>Header Files\DataStructures</Filter>
    </ClInclude>
    <ClInclude Include="..\DataStructures\StaticGraph.h">
      <Filter>Header Files\DataStructures</Filter>
    </ClInclude>
    <ClInclude Include="..\DataStructures\StaticKDTree.h">
      <Filter>Header Files\DataStructures</Filter>
    </ClInclude>
    <ClInclude Include="..\DataStructures\Util.h">
      <Filter>Header Files\DataStructures</Filter>
    </ClInclude>
    <ClInclude Include="..\DataStructures\XMLParser.h">
      <Filter>Header Files\DataStructures</Filter>
    </ClInclude>
    <ClInclude Include="..\Plugins\BaseDescriptor.h">
      <Filter>Header Files\Plugins</Filter>
    </ClInclude>
    <ClInclude Include="..\Plugins\BasePlugin.h">
      <Filter>Header Files\Plugins</Filter>
    </ClInclude>
    <ClInclude Include="..\Plugins\GPXDescriptor.h">
      <Filter>Header Files\Plugins</Filter>
    </ClInclude>
    <ClInclude Include="..\Plugins\HelloWorldPlugin.h">
      <Filter>Header Files\Plugins</Filter>
    </ClInclude>
    <ClInclude Include="..\Plugins\JSONDescriptor.h">
      <Filter>Header Files\Plugins</Filter>
    </ClInclude>
    <ClInclude Include="..\Plugins\KMLDescriptor.h">
      <Filter>Header Files\Plugins</Filter>
    </ClInclude>
    <ClInclude Include="..\Plugins\LocatePlugin.h">
      <Filter>Header Files\Plugins</Filter>
    </ClInclude>
    <ClInclude Include="..\Plugins\NearestPlugin.h">
      <Filter>Header Files\Plugins</Filter>
    </ClInclude>
    <ClInclude Include="..\Plugins\ObjectForPluginStruct.h">
      <Filter>Header Files\Plugins</Filter>
    </ClInclude>
    <ClInclude Include="..\Plugins\PluginMapFactory.h">
      <Filter>Header Files\Plugins</Filter>
    </ClInclude>
    <ClInclude Include="..\Plugins\RawRouteData.h">
      <Filter>Header Files\Plugins</Filter>
    </ClInclude>
    <ClInclude Include="..\Plugins\RouteParameters.h">
      <Filter>Header Files\Plugins</Filter>
    </ClInclude>
    <ClInclude Include="..\Plugins\RoutePlugin.h">
      <Filter>Header Files\Plugins</Filter>
    </ClInclude>
    <ClInclude Include="..\Plugins\ViaRoutePlugin.h">
      <Filter>Header Files\Plugins</Filter>
    </ClInclude>
    <ClInclude Include="..\Server\BasicDatastructures.h">
      <Filter>Header Files\Server</Filter>
    </ClInclude>
    <ClInclude Include="..\Server\Connection.h">
      <Filter>Header Files\Server</Filter>
    </ClInclude>
    <ClInclude Include="..\Server\RequestHandler.h">
      <Filter>Header Files\Server</Filter>
    </ClInclude>
    <ClInclude Include="..\Server\RequestParser.h">
      <Filter>Header Files\Server</Filter>
    </ClInclude>
    <ClInclude Include="..\Server\Server.h">
      <Filter>Header Files\Server</Filter>
    </ClInclude>
    <ClInclude Include="..\Server\ServerConfiguration.h">
      <Filter>Header Files\Server</Filter>
    </ClInclude>
    <ClInclude Include="..\Server\ServerFactory.h">
      <Filter>Header Files\Server</Filter>
    </ClInclude>
    <ClInclude Include="..\Util\BaseConfiguration.h">
      <Filter>Header Files\Util</Filter>
    </ClInclude>
    <ClInclude Include="..\Util\GraphLoader.h">
      <Filter>Header Files\Util</Filter>
    </ClInclude>
    <ClInclude Include="..\Util\InputFileUtil.h">
      <Filter>Header Files\Util</Filter>
    </ClInclude>
    <ClInclude Include="..\Util\LinuxStackTrace.h">
      <Filter>Header Files\Util</Filter>
    </ClInclude>
    <ClInclude Include="..\Util\MachineInfo.h">
      <Filter>Header Files\Util</Filter>
    </ClInclude>
    <ClInclude Include="..\Util\StringUtil.h">
      <Filter>Header Files\Util</Filter>
    </ClInclude>
  </ItemGroup>
  <ItemGroup>
    <None Include="..\DataStructures\pbf-proto\fileformat.proto" />
    <None Include="..\DataStructures\pbf-proto\osmformat.proto" />
  </ItemGroup>
</Project>